// !$*UTF8*$!
{
	archiveVersion = 1;
	classes = {
	};
	objectVersion = 46;
	objects = {

/* Begin PBXBuildFile section */
		1312DD541983694C002E3C50 /* TWCoreDataHelper.m in Sources */ = {isa = PBXBuildFile; fileRef = 1312DD531983694C002E3C50 /* TWCoreDataHelper.m */; };
		1312DD5719836DE1002E3C50 /* TWPhotosCollectionViewController.m in Sources */ = {isa = PBXBuildFile; fileRef = 1312DD5619836DE1002E3C50 /* TWPhotosCollectionViewController.m */; };
		1312DD5A1983729C002E3C50 /* TWPhotoCollectionViewCell.m in Sources */ = {isa = PBXBuildFile; fileRef = 1312DD591983729C002E3C50 /* TWPhotoCollectionViewCell.m */; };
		1312DD5C198375B2002E3C50 /* astronaut.jpg in Resources */ = {isa = PBXBuildFile; fileRef = 1312DD5B198375B1002E3C50 /* astronaut.jpg */; };
		1312DD6919857688002E3C50 /* Photo.m in Sources */ = {isa = PBXBuildFile; fileRef = 1312DD6819857688002E3C50 /* Photo.m */; };
		1312DD7619860CB2002E3C50 /* Album.m in Sources */ = {isa = PBXBuildFile; fileRef = 1312DD7519860CB2002E3C50 /* Album.m */; };
		1312DD7919860EA7002E3C50 /* TWPictureDataTransformer.m in Sources */ = {isa = PBXBuildFile; fileRef = 1312DD7819860EA7002E3C50 /* TWPictureDataTransformer.m */; };
		13676F0C1980CB52004B7F12 /* Foundation.framework in Frameworks */ = {isa = PBXBuildFile; fileRef = 13676F0B1980CB52004B7F12 /* Foundation.framework */; };
		13676F0E1980CB52004B7F12 /* CoreGraphics.framework in Frameworks */ = {isa = PBXBuildFile; fileRef = 13676F0D1980CB52004B7F12 /* CoreGraphics.framework */; };
		13676F101980CB52004B7F12 /* UIKit.framework in Frameworks */ = {isa = PBXBuildFile; fileRef = 13676F0F1980CB52004B7F12 /* UIKit.framework */; settings = {ATTRIBUTES = (Required, ); }; };
		13676F121980CB52004B7F12 /* CoreData.framework in Frameworks */ = {isa = PBXBuildFile; fileRef = 13676F111980CB52004B7F12 /* CoreData.framework */; settings = {ATTRIBUTES = (Required, ); }; };
		13676F181980CB52004B7F12 /* InfoPlist.strings in Resources */ = {isa = PBXBuildFile; fileRef = 13676F161980CB52004B7F12 /* InfoPlist.strings */; };
		13676F1A1980CB52004B7F12 /* main.m in Sources */ = {isa = PBXBuildFile; fileRef = 13676F191980CB52004B7F12 /* main.m */; };
		13676F1E1980CB52004B7F12 /* TWAppDelegate.m in Sources */ = {isa = PBXBuildFile; fileRef = 13676F1D1980CB52004B7F12 /* TWAppDelegate.m */; };
		13676F211980CB52004B7F12 /* Thousand_Words.xcdatamodeld in Sources */ = {isa = PBXBuildFile; fileRef = 13676F1F1980CB52004B7F12 /* Thousand_Words.xcdatamodeld */; };
		13676F231980CB52004B7F12 /* Images.xcassets in Resources */ = {isa = PBXBuildFile; fileRef = 13676F221980CB52004B7F12 /* Images.xcassets */; };
		13676F2A1980CB52004B7F12 /* XCTest.framework in Frameworks */ = {isa = PBXBuildFile; fileRef = 13676F291980CB52004B7F12 /* XCTest.framework */; };
		13676F2B1980CB52004B7F12 /* Foundation.framework in Frameworks */ = {isa = PBXBuildFile; fileRef = 13676F0B1980CB52004B7F12 /* Foundation.framework */; };
		13676F2C1980CB52004B7F12 /* UIKit.framework in Frameworks */ = {isa = PBXBuildFile; fileRef = 13676F0F1980CB52004B7F12 /* UIKit.framework */; };
		13676F2D1980CB52004B7F12 /* CoreData.framework in Frameworks */ = {isa = PBXBuildFile; fileRef = 13676F111980CB52004B7F12 /* CoreData.framework */; };
		13676F351980CB52004B7F12 /* InfoPlist.strings in Resources */ = {isa = PBXBuildFile; fileRef = 13676F331980CB52004B7F12 /* InfoPlist.strings */; };
		13676F371980CB52004B7F12 /* Thousand_WordsTests.m in Sources */ = {isa = PBXBuildFile; fileRef = 13676F361980CB52004B7F12 /* Thousand_WordsTests.m */; };
		13676F411980CDB9004B7F12 /* Storyboard.storyboard in Resources */ = {isa = PBXBuildFile; fileRef = 13676F401980CDB9004B7F12 /* Storyboard.storyboard */; };
		13676F441980CED0004B7F12 /* TWAlbumTableViewController.m in Sources */ = {isa = PBXBuildFile; fileRef = 13676F431980CED0004B7F12 /* TWAlbumTableViewController.m */; };
		1367B135198758E30017A929 /* TWPhotoDetailViewController.m in Sources */ = {isa = PBXBuildFile; fileRef = 1367B134198758E30017A929 /* TWPhotoDetailViewController.m */; };
		1367B1381988618A0017A929 /* TWFiltersCollectionViewController.m in Sources */ = {isa = PBXBuildFile; fileRef = 1367B1371988618A0017A929 /* TWFiltersCollectionViewController.m */; };
/* End PBXBuildFile section */

/* Begin PBXContainerItemProxy section */
		13676F2E1980CB52004B7F12 /* PBXContainerItemProxy */ = {
			isa = PBXContainerItemProxy;
			containerPortal = 13676F001980CB52004B7F12 /* Project object */;
			proxyType = 1;
			remoteGlobalIDString = 13676F071980CB52004B7F12;
			remoteInfo = "Thousand Words";
		};
/* End PBXContainerItemProxy section */

/* Begin PBXFileReference section */
		1312DD521983694C002E3C50 /* TWCoreDataHelper.h */ = {isa = PBXFileReference; fileEncoding = 4; lastKnownFileType = sourcecode.c.h; path = TWCoreDataHelper.h; sourceTree = "<group>"; };
		1312DD531983694C002E3C50 /* TWCoreDataHelper.m */ = {isa = PBXFileReference; fileEncoding = 4; lastKnownFileType = sourcecode.c.objc; path = TWCoreDataHelper.m; sourceTree = "<group>"; };
		1312DD5519836DE1002E3C50 /* TWPhotosCollectionViewController.h */ = {isa = PBXFileReference; fileEncoding = 4; lastKnownFileType = sourcecode.c.h; path = TWPhotosCollectionViewController.h; sourceTree = "<group>"; };
		1312DD5619836DE1002E3C50 /* TWPhotosCollectionViewController.m */ = {isa = PBXFileReference; fileEncoding = 4; lastKnownFileType = sourcecode.c.objc; path = TWPhotosCollectionViewController.m; sourceTree = "<group>"; };
		1312DD581983729C002E3C50 /* TWPhotoCollectionViewCell.h */ = {isa = PBXFileReference; fileEncoding = 4; lastKnownFileType = sourcecode.c.h; path = TWPhotoCollectionViewCell.h; sourceTree = "<group>"; };
		1312DD591983729C002E3C50 /* TWPhotoCollectionViewCell.m */ = {isa = PBXFileReference; fileEncoding = 4; lastKnownFileType = sourcecode.c.objc; path = TWPhotoCollectionViewCell.m; sourceTree = "<group>"; };
		1312DD5B198375B1002E3C50 /* astronaut.jpg */ = {isa = PBXFileReference; lastKnownFileType = image.jpeg; path = astronaut.jpg; sourceTree = "<group>"; };
		1312DD6719857688002E3C50 /* Photo.h */ = {isa = PBXFileReference; fileEncoding = 4; lastKnownFileType = sourcecode.c.h; path = Photo.h; sourceTree = "<group>"; };
		1312DD6819857688002E3C50 /* Photo.m */ = {isa = PBXFileReference; fileEncoding = 4; lastKnownFileType = sourcecode.c.objc; path = Photo.m; sourceTree = "<group>"; };
		1312DD7419860CB2002E3C50 /* Album.h */ = {isa = PBXFileReference; fileEncoding = 4; lastKnownFileType = sourcecode.c.h; path = Album.h; sourceTree = "<group>"; };
		1312DD7519860CB2002E3C50 /* Album.m */ = {isa = PBXFileReference; fileEncoding = 4; lastKnownFileType = sourcecode.c.objc; path = Album.m; sourceTree = "<group>"; };
		1312DD7719860EA7002E3C50 /* TWPictureDataTransformer.h */ = {isa = PBXFileReference; fileEncoding = 4; lastKnownFileType = sourcecode.c.h; path = TWPictureDataTransformer.h; sourceTree = "<group>"; };
		1312DD7819860EA7002E3C50 /* TWPictureDataTransformer.m */ = {isa = PBXFileReference; fileEncoding = 4; lastKnownFileType = sourcecode.c.objc; path = TWPictureDataTransformer.m; sourceTree = "<group>"; };
		13676F081980CB52004B7F12 /* Thousand Words.app */ = {isa = PBXFileReference; explicitFileType = wrapper.application; includeInIndex = 0; path = "Thousand Words.app"; sourceTree = BUILT_PRODUCTS_DIR; };
		13676F0B1980CB52004B7F12 /* Foundation.framework */ = {isa = PBXFileReference; lastKnownFileType = wrapper.framework; name = Foundation.framework; path = System/Library/Frameworks/Foundation.framework; sourceTree = SDKROOT; };
		13676F0D1980CB52004B7F12 /* CoreGraphics.framework */ = {isa = PBXFileReference; lastKnownFileType = wrapper.framework; name = CoreGraphics.framework; path = System/Library/Frameworks/CoreGraphics.framework; sourceTree = SDKROOT; };
		13676F0F1980CB52004B7F12 /* UIKit.framework */ = {isa = PBXFileReference; lastKnownFileType = wrapper.framework; name = UIKit.framework; path = System/Library/Frameworks/UIKit.framework; sourceTree = SDKROOT; };
		13676F111980CB52004B7F12 /* CoreData.framework */ = {isa = PBXFileReference; lastKnownFileType = wrapper.framework; name = CoreData.framework; path = System/Library/Frameworks/CoreData.framework; sourceTree = SDKROOT; };
		13676F151980CB52004B7F12 /* Thousand Words-Info.plist */ = {isa = PBXFileReference; lastKnownFileType = text.plist.xml; path = "Thousand Words-Info.plist"; sourceTree = "<group>"; };
		13676F171980CB52004B7F12 /* en */ = {isa = PBXFileReference; lastKnownFileType = text.plist.strings; name = en; path = en.lproj/InfoPlist.strings; sourceTree = "<group>"; };
		13676F191980CB52004B7F12 /* main.m */ = {isa = PBXFileReference; lastKnownFileType = sourcecode.c.objc; path = main.m; sourceTree = "<group>"; };
		13676F1B1980CB52004B7F12 /* Thousand Words-Prefix.pch */ = {isa = PBXFileReference; lastKnownFileType = sourcecode.c.h; path = "Thousand Words-Prefix.pch"; sourceTree = "<group>"; };
		13676F1C1980CB52004B7F12 /* TWAppDelegate.h */ = {isa = PBXFileReference; lastKnownFileType = sourcecode.c.h; path = TWAppDelegate.h; sourceTree = "<group>"; };
		13676F1D1980CB52004B7F12 /* TWAppDelegate.m */ = {isa = PBXFileReference; lastKnownFileType = sourcecode.c.objc; path = TWAppDelegate.m; sourceTree = "<group>"; };
		13676F201980CB52004B7F12 /* Thousand_Words.xcdatamodel */ = {isa = PBXFileReference; lastKnownFileType = wrapper.xcdatamodel; path = Thousand_Words.xcdatamodel; sourceTree = "<group>"; };
		13676F221980CB52004B7F12 /* Images.xcassets */ = {isa = PBXFileReference; lastKnownFileType = folder.assetcatalog; path = Images.xcassets; sourceTree = "<group>"; };
		13676F281980CB52004B7F12 /* Thousand WordsTests.xctest */ = {isa = PBXFileReference; explicitFileType = wrapper.cfbundle; includeInIndex = 0; path = "Thousand WordsTests.xctest"; sourceTree = BUILT_PRODUCTS_DIR; };
		13676F291980CB52004B7F12 /* XCTest.framework */ = {isa = PBXFileReference; lastKnownFileType = wrapper.framework; name = XCTest.framework; path = Library/Frameworks/XCTest.framework; sourceTree = DEVELOPER_DIR; };
		13676F321980CB52004B7F12 /* Thousand WordsTests-Info.plist */ = {isa = PBXFileReference; lastKnownFileType = text.plist.xml; path = "Thousand WordsTests-Info.plist"; sourceTree = "<group>"; };
		13676F341980CB52004B7F12 /* en */ = {isa = PBXFileReference; lastKnownFileType = text.plist.strings; name = en; path = en.lproj/InfoPlist.strings; sourceTree = "<group>"; };
		13676F361980CB52004B7F12 /* Thousand_WordsTests.m */ = {isa = PBXFileReference; lastKnownFileType = sourcecode.c.objc; path = Thousand_WordsTests.m; sourceTree = "<group>"; };
		13676F401980CDB9004B7F12 /* Storyboard.storyboard */ = {isa = PBXFileReference; fileEncoding = 4; lastKnownFileType = file.storyboard; path = Storyboard.storyboard; sourceTree = "<group>"; };
		13676F421980CED0004B7F12 /* TWAlbumTableViewController.h */ = {isa = PBXFileReference; fileEncoding = 4; lastKnownFileType = sourcecode.c.h; path = TWAlbumTableViewController.h; sourceTree = "<group>"; };
		13676F431980CED0004B7F12 /* TWAlbumTableViewController.m */ = {isa = PBXFileReference; fileEncoding = 4; lastKnownFileType = sourcecode.c.objc; path = TWAlbumTableViewController.m; sourceTree = "<group>"; };
		1367B133198758E30017A929 /* TWPhotoDetailViewController.h */ = {isa = PBXFileReference; fileEncoding = 4; lastKnownFileType = sourcecode.c.h; path = TWPhotoDetailViewController.h; sourceTree = "<group>"; };
		1367B134198758E30017A929 /* TWPhotoDetailViewController.m */ = {isa = PBXFileReference; fileEncoding = 4; lastKnownFileType = sourcecode.c.objc; path = TWPhotoDetailViewController.m; sourceTree = "<group>"; };
		1367B1361988618A0017A929 /* TWFiltersCollectionViewController.h */ = {isa = PBXFileReference; fileEncoding = 4; lastKnownFileType = sourcecode.c.h; path = TWFiltersCollectionViewController.h; sourceTree = "<group>"; };
		1367B1371988618A0017A929 /* TWFiltersCollectionViewController.m */ = {isa = PBXFileReference; fileEncoding = 4; lastKnownFileType = sourcecode.c.objc; path = TWFiltersCollectionViewController.m; sourceTree = "<group>"; };
/* End PBXFileReference section */

/* Begin PBXFrameworksBuildPhase section */
		13676F051980CB52004B7F12 /* Frameworks */ = {
			isa = PBXFrameworksBuildPhase;
			buildActionMask = 2147483647;
			files = (
				13676F0E1980CB52004B7F12 /* CoreGraphics.framework in Frameworks */,
				13676F121980CB52004B7F12 /* CoreData.framework in Frameworks */,
				13676F101980CB52004B7F12 /* UIKit.framework in Frameworks */,
				13676F0C1980CB52004B7F12 /* Foundation.framework in Frameworks */,
			);
			runOnlyForDeploymentPostprocessing = 0;
		};
		13676F251980CB52004B7F12 /* Frameworks */ = {
			isa = PBXFrameworksBuildPhase;
			buildActionMask = 2147483647;
			files = (
				13676F2A1980CB52004B7F12 /* XCTest.framework in Frameworks */,
				13676F2D1980CB52004B7F12 /* CoreData.framework in Frameworks */,
				13676F2C1980CB52004B7F12 /* UIKit.framework in Frameworks */,
				13676F2B1980CB52004B7F12 /* Foundation.framework in Frameworks */,
			);
			runOnlyForDeploymentPostprocessing = 0;
		};
/* End PBXFrameworksBuildPhase section */

/* Begin PBXGroup section */
		1312DD63198574F6002E3C50 /* CoreData */ = {
			isa = PBXGroup;
			children = (
				13676F1F1980CB52004B7F12 /* Thousand_Words.xcdatamodeld */,
				1312DD7419860CB2002E3C50 /* Album.h */,
				1312DD7519860CB2002E3C50 /* Album.m */,
				1312DD6719857688002E3C50 /* Photo.h */,
				1312DD6819857688002E3C50 /* Photo.m */,
				1312DD7719860EA7002E3C50 /* TWPictureDataTransformer.h */,
				1312DD7819860EA7002E3C50 /* TWPictureDataTransformer.m */,
			);
			name = CoreData;
			sourceTree = "<group>";
		};
		13676EFF1980CB52004B7F12 = {
			isa = PBXGroup;
			children = (
				13676F131980CB52004B7F12 /* Thousand Words */,
				13676F301980CB52004B7F12 /* Thousand WordsTests */,
				13676F0A1980CB52004B7F12 /* Frameworks */,
				13676F091980CB52004B7F12 /* Products */,
			);
			sourceTree = "<group>";
		};
		13676F091980CB52004B7F12 /* Products */ = {
			isa = PBXGroup;
			children = (
				13676F081980CB52004B7F12 /* Thousand Words.app */,
				13676F281980CB52004B7F12 /* Thousand WordsTests.xctest */,
			);
			name = Products;
			sourceTree = "<group>";
		};
		13676F0A1980CB52004B7F12 /* Frameworks */ = {
			isa = PBXGroup;
			children = (
				13676F0B1980CB52004B7F12 /* Foundation.framework */,
				13676F0D1980CB52004B7F12 /* CoreGraphics.framework */,
				13676F0F1980CB52004B7F12 /* UIKit.framework */,
				13676F111980CB52004B7F12 /* CoreData.framework */,
				13676F291980CB52004B7F12 /* XCTest.framework */,
			);
			name = Frameworks;
			sourceTree = "<group>";
		};
		13676F131980CB52004B7F12 /* Thousand Words */ = {
			isa = PBXGroup;
			children = (
				13676F401980CDB9004B7F12 /* Storyboard.storyboard */,
				1367B1361988618A0017A929 /* TWFiltersCollectionViewController.h */,
				1367B1371988618A0017A929 /* TWFiltersCollectionViewController.m */,
				1367B133198758E30017A929 /* TWPhotoDetailViewController.h */,
				1367B134198758E30017A929 /* TWPhotoDetailViewController.m */,
				1312DD581983729C002E3C50 /* TWPhotoCollectionViewCell.h */,
				1312DD591983729C002E3C50 /* TWPhotoCollectionViewCell.m */,
				1312DD5519836DE1002E3C50 /* TWPhotosCollectionViewController.h */,
				1312DD5619836DE1002E3C50 /* TWPhotosCollectionViewController.m */,
				13676F421980CED0004B7F12 /* TWAlbumTableViewController.h */,
				13676F431980CED0004B7F12 /* TWAlbumTableViewController.m */,
				1312DD521983694C002E3C50 /* TWCoreDataHelper.h */,
				1312DD531983694C002E3C50 /* TWCoreDataHelper.m */,
				13676F221980CB52004B7F12 /* Images.xcassets */,
				1312DD63198574F6002E3C50 /* CoreData */,
				13676F141980CB52004B7F12 /* Supporting Files */,
			);
			path = "Thousand Words";
			sourceTree = "<group>";
		};
		13676F141980CB52004B7F12 /* Supporting Files */ = {
			isa = PBXGroup;
			children = (
				1312DD5B198375B1002E3C50 /* astronaut.jpg */,
				13676F1C1980CB52004B7F12 /* TWAppDelegate.h */,
				13676F1D1980CB52004B7F12 /* TWAppDelegate.m */,
				13676F151980CB52004B7F12 /* Thousand Words-Info.plist */,
				13676F161980CB52004B7F12 /* InfoPlist.strings */,
				13676F191980CB52004B7F12 /* main.m */,
				13676F1B1980CB52004B7F12 /* Thousand Words-Prefix.pch */,
			);
			name = "Supporting Files";
			sourceTree = "<group>";
		};
		13676F301980CB52004B7F12 /* Thousand WordsTests */ = {
			isa = PBXGroup;
			children = (
				13676F361980CB52004B7F12 /* Thousand_WordsTests.m */,
				13676F311980CB52004B7F12 /* Supporting Files */,
			);
			path = "Thousand WordsTests";
			sourceTree = "<group>";
		};
		13676F311980CB52004B7F12 /* Supporting Files */ = {
			isa = PBXGroup;
			children = (
				13676F321980CB52004B7F12 /* Thousand WordsTests-Info.plist */,
				13676F331980CB52004B7F12 /* InfoPlist.strings */,
			);
			name = "Supporting Files";
			sourceTree = "<group>";
		};
/* End PBXGroup section */

/* Begin PBXNativeTarget section */
		13676F071980CB52004B7F12 /* Thousand Words */ = {
			isa = PBXNativeTarget;
			buildConfigurationList = 13676F3A1980CB52004B7F12 /* Build configuration list for PBXNativeTarget "Thousand Words" */;
			buildPhases = (
				13676F041980CB52004B7F12 /* Sources */,
				13676F051980CB52004B7F12 /* Frameworks */,
				13676F061980CB52004B7F12 /* Resources */,
			);
			buildRules = (
			);
			dependencies = (
			);
			name = "Thousand Words";
			productName = "Thousand Words";
			productReference = 13676F081980CB52004B7F12 /* Thousand Words.app */;
			productType = "com.apple.product-type.application";
		};
		13676F271980CB52004B7F12 /* Thousand WordsTests */ = {
			isa = PBXNativeTarget;
			buildConfigurationList = 13676F3D1980CB52004B7F12 /* Build configuration list for PBXNativeTarget "Thousand WordsTests" */;
			buildPhases = (
				13676F241980CB52004B7F12 /* Sources */,
				13676F251980CB52004B7F12 /* Frameworks */,
				13676F261980CB52004B7F12 /* Resources */,
			);
			buildRules = (
			);
			dependencies = (
				13676F2F1980CB52004B7F12 /* PBXTargetDependency */,
			);
			name = "Thousand WordsTests";
			productName = "Thousand WordsTests";
			productReference = 13676F281980CB52004B7F12 /* Thousand WordsTests.xctest */;
			productType = "com.apple.product-type.bundle.unit-test";
		};
/* End PBXNativeTarget section */

/* Begin PBXProject section */
		13676F001980CB52004B7F12 /* Project object */ = {
			isa = PBXProject;
			attributes = {
				CLASSPREFIX = TW;
				LastUpgradeCheck = 0510;
				ORGANIZATIONNAME = edu.self.edu;
				TargetAttributes = {
					13676F271980CB52004B7F12 = {
						TestTargetID = 13676F071980CB52004B7F12;
					};
				};
			};
			buildConfigurationList = 13676F031980CB52004B7F12 /* Build configuration list for PBXProject "Thousand Words" */;
			compatibilityVersion = "Xcode 3.2";
			developmentRegion = English;
			hasScannedForEncodings = 0;
			knownRegions = (
				en,
			);
			mainGroup = 13676EFF1980CB52004B7F12;
			productRefGroup = 13676F091980CB52004B7F12 /* Products */;
			projectDirPath = "";
			projectRoot = "";
			targets = (
				13676F071980CB52004B7F12 /* Thousand Words */,
				13676F271980CB52004B7F12 /* Thousand WordsTests */,
			);
		};
/* End PBXProject section */

/* Begin PBXResourcesBuildPhase section */
		13676F061980CB52004B7F12 /* Resources */ = {
			isa = PBXResourcesBuildPhase;
			buildActionMask = 2147483647;
			files = (
				13676F181980CB52004B7F12 /* InfoPlist.strings in Resources */,
				1312DD5C198375B2002E3C50 /* astronaut.jpg in Resources */,
				13676F231980CB52004B7F12 /* Images.xcassets in Resources */,
				13676F411980CDB9004B7F12 /* Storyboard.storyboard in Resources */,
			);
			runOnlyForDeploymentPostprocessing = 0;
		};
		13676F261980CB52004B7F12 /* Resources */ = {
			isa = PBXResourcesBuildPhase;
			buildActionMask = 2147483647;
			files = (
				13676F351980CB52004B7F12 /* InfoPlist.strings in Resources */,
			);
			runOnlyForDeploymentPostprocessing = 0;
		};
/* End PBXResourcesBuildPhase section */

/* Begin PBXSourcesBuildPhase section */
		13676F041980CB52004B7F12 /* Sources */ = {
			isa = PBXSourcesBuildPhase;
			buildActionMask = 2147483647;
			files = (
				13676F1A1980CB52004B7F12 /* main.m in Sources */,
				1367B1381988618A0017A929 /* TWFiltersCollectionViewController.m in Sources */,
				1312DD7919860EA7002E3C50 /* TWPictureDataTransformer.m in Sources */,
				1312DD5719836DE1002E3C50 /* TWPhotosCollectionViewController.m in Sources */,
				1312DD5A1983729C002E3C50 /* TWPhotoCollectionViewCell.m in Sources */,
				13676F1E1980CB52004B7F12 /* TWAppDelegate.m in Sources */,
				13676F441980CED0004B7F12 /* TWAlbumTableViewController.m in Sources */,
				13676F211980CB52004B7F12 /* Thousand_Words.xcdatamodeld in Sources */,
				1312DD7619860CB2002E3C50 /* Album.m in Sources */,
				1367B135198758E30017A929 /* TWPhotoDetailViewController.m in Sources */,
				1312DD6919857688002E3C50 /* Photo.m in Sources */,
				1312DD541983694C002E3C50 /* TWCoreDataHelper.m in Sources */,
			);
			runOnlyForDeploymentPostprocessing = 0;
		};
		13676F241980CB52004B7F12 /* Sources */ = {
			isa = PBXSourcesBuildPhase;
			buildActionMask = 2147483647;
			files = (
				13676F371980CB52004B7F12 /* Thousand_WordsTests.m in Sources */,
			);
			runOnlyForDeploymentPostprocessing = 0;
		};
/* End PBXSourcesBuildPhase section */

/* Begin PBXTargetDependency section */
		13676F2F1980CB52004B7F12 /* PBXTargetDependency */ = {
			isa = PBXTargetDependency;
			target = 13676F071980CB52004B7F12 /* Thousand Words */;
			targetProxy = 13676F2E1980CB52004B7F12 /* PBXContainerItemProxy */;
		};
/* End PBXTargetDependency section */

/* Begin PBXVariantGroup section */
		13676F161980CB52004B7F12 /* InfoPlist.strings */ = {
			isa = PBXVariantGroup;
			children = (
				13676F171980CB52004B7F12 /* en */,
			);
			name = InfoPlist.strings;
			sourceTree = "<group>";
		};
		13676F331980CB52004B7F12 /* InfoPlist.strings */ = {
			isa = PBXVariantGroup;
			children = (
				13676F341980CB52004B7F12 /* en */,
			);
			name = InfoPlist.strings;
			sourceTree = "<group>";
		};
/* End PBXVariantGroup section */

/* Begin XCBuildConfiguration section */
		13676F381980CB52004B7F12 /* Debug */ = {
			isa = XCBuildConfiguration;
			buildSettings = {
				ALWAYS_SEARCH_USER_PATHS = YES;
				CLANG_CXX_LANGUAGE_STANDARD = "gnu++0x";
				CLANG_CXX_LIBRARY = "libc++";
				CLANG_ENABLE_MODULES = YES;
				CLANG_ENABLE_OBJC_ARC = YES;
				CLANG_WARN_BOOL_CONVERSION = YES;
				CLANG_WARN_CONSTANT_CONVERSION = YES;
				CLANG_WARN_DIRECT_OBJC_ISA_USAGE = YES_ERROR;
				CLANG_WARN_EMPTY_BODY = YES;
				CLANG_WARN_ENUM_CONVERSION = YES;
				CLANG_WARN_INT_CONVERSION = YES;
				CLANG_WARN_OBJC_ROOT_CLASS = YES_ERROR;
				CLANG_WARN__DUPLICATE_METHOD_MATCH = YES;
				"CODE_SIGN_IDENTITY[sdk=iphoneos*]" = "iPhone Developer";
				COPY_PHASE_STRIP = NO;
				GCC_C_LANGUAGE_STANDARD = gnu99;
				GCC_DYNAMIC_NO_PIC = NO;
				GCC_OPTIMIZATION_LEVEL = 0;
				GCC_PREPROCESSOR_DEFINITIONS = (
					"DEBUG=1",
					"$(inherited)",
				);
				GCC_SYMBOLS_PRIVATE_EXTERN = NO;
				GCC_WARN_64_TO_32_BIT_CONVERSION = YES;
				GCC_WARN_ABOUT_RETURN_TYPE = YES_ERROR;
				GCC_WARN_UNDECLARED_SELECTOR = YES;
				GCC_WARN_UNINITIALIZED_AUTOS = YES_AGGRESSIVE;
				GCC_WARN_UNUSED_FUNCTION = YES;
				GCC_WARN_UNUSED_VARIABLE = YES;
				HEADER_SEARCH_PATHS = (
					"$(inherited)",
					"/Applications/Xcode.app/Contents/Developer/Toolchains/XcodeDefault.xctoolchain/usr/include\n/Applications/Xcode.app/Contents/Developer/Toolchains/XcodeDefault.xctoolchain/usr/include",
				);
				IPHONEOS_DEPLOYMENT_TARGET = 7.1;
				ONLY_ACTIVE_ARCH = YES;
				SDKROOT = iphoneos;
			};
			name = Debug;
		};
		13676F391980CB52004B7F12 /* Release */ = {
			isa = XCBuildConfiguration;
			buildSettings = {
				ALWAYS_SEARCH_USER_PATHS = YES;
				CLANG_CXX_LANGUAGE_STANDARD = "gnu++0x";
				CLANG_CXX_LIBRARY = "libc++";
				CLANG_ENABLE_MODULES = YES;
				CLANG_ENABLE_OBJC_ARC = YES;
				CLANG_WARN_BOOL_CONVERSION = YES;
				CLANG_WARN_CONSTANT_CONVERSION = YES;
				CLANG_WARN_DIRECT_OBJC_ISA_USAGE = YES_ERROR;
				CLANG_WARN_EMPTY_BODY = YES;
				CLANG_WARN_ENUM_CONVERSION = YES;
				CLANG_WARN_INT_CONVERSION = YES;
				CLANG_WARN_OBJC_ROOT_CLASS = YES_ERROR;
				CLANG_WARN__DUPLICATE_METHOD_MATCH = YES;
				"CODE_SIGN_IDENTITY[sdk=iphoneos*]" = "iPhone Developer";
				COPY_PHASE_STRIP = YES;
				ENABLE_NS_ASSERTIONS = NO;
				GCC_C_LANGUAGE_STANDARD = gnu99;
				GCC_WARN_64_TO_32_BIT_CONVERSION = YES;
				GCC_WARN_ABOUT_RETURN_TYPE = YES_ERROR;
				GCC_WARN_UNDECLARED_SELECTOR = YES;
				GCC_WARN_UNINITIALIZED_AUTOS = YES_AGGRESSIVE;
				GCC_WARN_UNUSED_FUNCTION = YES;
				GCC_WARN_UNUSED_VARIABLE = YES;
				HEADER_SEARCH_PATHS = (
					"$(inherited)",
					"/Applications/Xcode.app/Contents/Developer/Toolchains/XcodeDefault.xctoolchain/usr/include\n/Applications/Xcode.app/Contents/Developer/Toolchains/XcodeDefault.xctoolchain/usr/include",
				);
				IPHONEOS_DEPLOYMENT_TARGET = 7.1;
				ONLY_ACTIVE_ARCH = YES;
				SDKROOT = iphoneos;
				VALIDATE_PRODUCT = YES;
			};
			name = Release;
		};
		13676F3B1980CB52004B7F12 /* Debug */ = {
			isa = XCBuildConfiguration;
			buildSettings = {
				ASSETCATALOG_COMPILER_APPICON_NAME = AppIcon;
				ASSETCATALOG_COMPILER_LAUNCHIMAGE_NAME = LaunchImage;
				GCC_PRECOMPILE_PREFIX_HEADER = YES;
				GCC_PREFIX_HEADER = "Thousand Words/Thousand Words-Prefix.pch";
				INFOPLIST_FILE = "Thousand Words/Thousand Words-Info.plist";
				PRODUCT_NAME = "$(TARGET_NAME)";
				WRAPPER_EXTENSION = app;
			};
			name = Debug;
		};
		13676F3C1980CB52004B7F12 /* Release */ = {
			isa = XCBuildConfiguration;
			buildSettings = {
				ASSETCATALOG_COMPILER_APPICON_NAME = AppIcon;
				ASSETCATALOG_COMPILER_LAUNCHIMAGE_NAME = LaunchImage;
				GCC_PRECOMPILE_PREFIX_HEADER = YES;
				GCC_PREFIX_HEADER = "Thousand Words/Thousand Words-Prefix.pch";
				INFOPLIST_FILE = "Thousand Words/Thousand Words-Info.plist";
				PRODUCT_NAME = "$(TARGET_NAME)";
				WRAPPER_EXTENSION = app;
			};
			name = Release;
		};
		13676F3E1980CB52004B7F12 /* Debug */ = {
			isa = XCBuildConfiguration;
			buildSettings = {
				BUNDLE_LOADER = "$(BUILT_PRODUCTS_DIR)/Thousand Words.app/Thousand Words";
				FRAMEWORK_SEARCH_PATHS = (
					"$(SDKROOT)/Developer/Library/Frameworks",
					"$(inherited)",
					"$(DEVELOPER_FRAMEWORKS_DIR)",
				);
				GCC_PRECOMPILE_PREFIX_HEADER = YES;
				GCC_PREFIX_HEADER = "Thousand Words/Thousand Words-Prefix.pch";
				GCC_PREPROCESSOR_DEFINITIONS = (
					"DEBUG=1",
					"$(inherited)",
				);
				INFOPLIST_FILE = "Thousand WordsTests/Thousand WordsTests-Info.plist";
				PRODUCT_NAME = "$(TARGET_NAME)";
				TEST_HOST = "$(BUNDLE_LOADER)";
				WRAPPER_EXTENSION = xctest;
			};
			name = Debug;
		};
		13676F3F1980CB52004B7F12 /* Release */ = {
			isa = XCBuildConfiguration;
			buildSettings = {
				BUNDLE_LOADER = "$(BUILT_PRODUCTS_DIR)/Thousand Words.app/Thousand Words";
				FRAMEWORK_SEARCH_PATHS = (
					"$(SDKROOT)/Developer/Library/Frameworks",
					"$(inherited)",
					"$(DEVELOPER_FRAMEWORKS_DIR)",
				);
				GCC_PRECOMPILE_PREFIX_HEADER = YES;
				GCC_PREFIX_HEADER = "Thousand Words/Thousand Words-Prefix.pch";
				INFOPLIST_FILE = "Thousand WordsTests/Thousand WordsTests-Info.plist";
				PRODUCT_NAME = "$(TARGET_NAME)";
				TEST_HOST = "$(BUNDLE_LOADER)";
				WRAPPER_EXTENSION = xctest;
			};
			name = Release;
		};
/* End XCBuildConfiguration section */

/* Begin XCConfigurationList section */
		13676F031980CB52004B7F12 /* Build configuration list for PBXProject "Thousand Words" */ = {
			isa = XCConfigurationList;
			buildConfigurations = (
				13676F381980CB52004B7F12 /* Debug */,
				13676F391980CB52004B7F12 /* Release */,
			);
			defaultConfigurationIsVisible = 0;
			defaultConfigurationName = Release;
		};
		13676F3A1980CB52004B7F12 /* Build configuration list for PBXNativeTarget "Thousand Words" */ = {
			isa = XCConfigurationList;
			buildConfigurations = (
				13676F3B1980CB52004B7F12 /* Debug */,
				13676F3C1980CB52004B7F12 /* Release */,
			);
			defaultConfigurationIsVisible = 0;
			defaultConfigurationName = Release;
		};
		13676F3D1980CB52004B7F12 /* Build configuration list for PBXNativeTarget "Thousand WordsTests" */ = {
			isa = XCConfigurationList;
			buildConfigurations = (
				13676F3E1980CB52004B7F12 /* Debug */,
				13676F3F1980CB52004B7F12 /* Release */,
			);
			defaultConfigurationIsVisible = 0;
			defaultConfigurationName = Release;
		};
/* End XCConfigurationList section */

/* Begin XCVersionGroup section */
		13676F1F1980CB52004B7F12 /* Thousand_Words.xcdatamodeld */ = {
			isa = XCVersionGroup;
			children = (
				13676F201980CB52004B7F12 /* Thousand_Words.xcdatamodel */,
			);
			currentVersion = 13676F201980CB52004B7F12 /* Thousand_Words.xcdatamodel */;
			path = Thousand_Words.xcdatamodeld;
			sourceTree = "<group>";
			versionGroupType = wrapper.xcdatamodel;
		};
/* End XCVersionGroup section */
	};
	rootObject = 13676F001980CB52004B7F12 /* Project object */;
}
